
Microsoft Visual Studio Solution File, Format Version 12.00
# Visual Studio Version 17
VisualStudioVersion = 17.8.34511.84
MinimumVisualStudioVersion = 10.0.40219.1
Project("{FAE04EC0-301F-11D3-BF4B-00C04F79EFBC}") = "ConsolaLog", "ConsolaLog\ConsolaLog.csproj", "{FF783168-3C89-4349-AC38-CB1743FAF649}"
EndProject
Global
	GlobalSection(SolutionConfigurationPlatforms) = preSolution
		Debug|Any CPU = Debug|Any CPU
		Release|Any CPU = Release|Any CPU
	EndGlobalSection
	GlobalSection(ProjectConfigurationPlatforms) = postSolution
		{FF783168-3C89-4349-AC38-CB1743FAF649}.Debug|Any CPU.ActiveCfg = Debug|Any CPU
		{FF783168-3C89-4349-AC38-CB1743FAF649}.Debug|Any CPU.Build.0 = Debug|Any CPU
		{FF783168-3C89-4349-AC38-CB1743FAF649}.Release|Any CPU.ActiveCfg = Release|Any CPU
		{FF783168-3C89-4349-AC38-CB1743FAF649}.Release|Any CPU.Build.0 = Release|Any CPU
	EndGlobalSection
	GlobalSection(SolutionProperties) = preSolution
		HideSolutionNode = FALSE
	EndGlobalSection
	GlobalSection(ExtensibilityGlobals) = postSolution
		SolutionGuid = {88FF6FC4-55B2-41DC-98D9-A781CF9587D6}
	EndGlobalSection
EndGlobal
